
Microsoft Visual Studio Solution File, Format Version 12.00
# Visual Studio 2015
Project("{FAE04EC0-301F-11D3-BF4B-00C04F79EFBC}") = "Namoo.CSharp", "Namoo.CSharp.csproj", "{FC3FC425-281F-60E3-608F-E298034ED5EE}"
EndProject
Global
	GlobalSection(SolutionConfigurationPlatforms) = preSolution
		Debug|Any CPU = Debug|Any CPU
		Release|Any CPU = Release|Any CPU
	EndGlobalSection
	GlobalSection(ProjectConfigurationPlatforms) = postSolution
		{FC3FC425-281F-60E3-608F-E298034ED5EE}.Debug|Any CPU.ActiveCfg = Debug|Any CPU
		{FC3FC425-281F-60E3-608F-E298034ED5EE}.Debug|Any CPU.Build.0 = Debug|Any CPU
		{FC3FC425-281F-60E3-608F-E298034ED5EE}.Release|Any CPU.ActiveCfg = Release|Any CPU
		{FC3FC425-281F-60E3-608F-E298034ED5EE}.Release|Any CPU.Build.0 = Release|Any CPU
	EndGlobalSection
	GlobalSection(SolutionProperties) = preSolution
		HideSolutionNode = FALSE
	EndGlobalSection
EndGlobal
