
Microsoft Visual Studio Solution File, Format Version 12.00
# Visual Studio 2015
Project("{FAE04EC0-301F-11D3-BF4B-00C04F79EFBC}") = "shooting.CSharp", "shooting.CSharp.csproj", "{85B79802-D111-BFD8-1425-7F5D0F54B751}"
EndProject
Global
	GlobalSection(SolutionConfigurationPlatforms) = preSolution
		Debug|Any CPU = Debug|Any CPU
		Release|Any CPU = Release|Any CPU
	EndGlobalSection
	GlobalSection(ProjectConfigurationPlatforms) = postSolution
		{85B79802-D111-BFD8-1425-7F5D0F54B751}.Debug|Any CPU.ActiveCfg = Debug|Any CPU
		{85B79802-D111-BFD8-1425-7F5D0F54B751}.Debug|Any CPU.Build.0 = Debug|Any CPU
		{85B79802-D111-BFD8-1425-7F5D0F54B751}.Release|Any CPU.ActiveCfg = Release|Any CPU
		{85B79802-D111-BFD8-1425-7F5D0F54B751}.Release|Any CPU.Build.0 = Release|Any CPU
	EndGlobalSection
	GlobalSection(SolutionProperties) = preSolution
		HideSolutionNode = FALSE
	EndGlobalSection
EndGlobal
